PODS:
  - BLContactsViewController (0.1.5)
  - BLPhoneFormat (0.3.3)
  - pop (1.0.9)
  - TelegramSDK (0.0.1):
    - BLContactsViewController
    - BLPhoneFormat
    - pop

DEPENDENCIES:
  - TelegramSDK (from `../`)

EXTERNAL SOURCES:
  TelegramSDK:
    :path: "../"

SPEC CHECKSUMS:
  BLContactsViewController: bd831242afe1e3f9b2c1a72c4b9d615feef94def
  BLPhoneFormat: cb1cad0532d90ce2c56ad1758628765e2018ca62
  pop: f667631a5108a2e60d9e8797c9b32ddaf2080bce
  TelegramSDK: 5455ee4c7f1b54edcf01d58e42e6fb97f720028a

PODFILE CHECKSUM: 9a9df5a83df89a8b8ed1861ddbfaa6913365f964

COCOAPODS: 1.2.1
